// !$*UTF8*$!
{
	archiveVersion = 1;
	classes = {
	};
	objectVersion = 55;
	objects = {

/* Begin PBXBuildFile section */
		84807BD629471293008EABDF /* customHeaderView.xib in Resources */ = {isa = PBXBuildFile; fileRef = 84807BD529471293008EABDF /* customHeaderView.xib */; };
		84A51E7D2941D7AD00699C46 /* AppDelegate.swift in Sources */ = {isa = PBXBuildFile; fileRef = 84A51E7C2941D7AD00699C46 /* AppDelegate.swift */; };
		84A51E7F2941D7AD00699C46 /* SceneDelegate.swift in Sources */ = {isa = PBXBuildFile; fileRef = 84A51E7E2941D7AD00699C46 /* SceneDelegate.swift */; };
		84A51E812941D7AD00699C46 /* FirstVC.swift in Sources */ = {isa = PBXBuildFile; fileRef = 84A51E802941D7AD00699C46 /* FirstVC.swift */; };
		84A51E842941D7AD00699C46 /* Main.storyboard in Resources */ = {isa = PBXBuildFile; fileRef = 84A51E822941D7AD00699C46 /* Main.storyboard */; };
		84A51E862941D7AD00699C46 /* Assets.xcassets in Resources */ = {isa = PBXBuildFile; fileRef = 84A51E852941D7AD00699C46 /* Assets.xcassets */; };
		84A51E892941D7AD00699C46 /* LaunchScreen.storyboard in Resources */ = {isa = PBXBuildFile; fileRef = 84A51E872941D7AD00699C46 /* LaunchScreen.storyboard */; };
		84A51E912941DCFC00699C46 /* Constants.swift in Sources */ = {isa = PBXBuildFile; fileRef = 84A51E902941DCFC00699C46 /* Constants.swift */; };
		84A51E932941DF2800699C46 /* ModelData.swift in Sources */ = {isa = PBXBuildFile; fileRef = 84A51E922941DF2800699C46 /* ModelData.swift */; };
		84A51E952941EBAD00699C46 /* customHeaderView.swift in Sources */ = {isa = PBXBuildFile; fileRef = 84A51E942941EBAD00699C46 /* customHeaderView.swift */; };
/* End PBXBuildFile section */

/* Begin PBXFileReference section */
		84807BD529471293008EABDF /* customHeaderView.xib */ = {isa = PBXFileReference; lastKnownFileType = file.xib; path = customHeaderView.xib; sourceTree = "<group>"; };
		84A51E792941D7AD00699C46 /* Dec-8-HeaderFooter.app */ = {isa = PBXFileReference; explicitFileType = wrapper.application; includeInIndex = 0; path = "Dec-8-HeaderFooter.app"; sourceTree = BUILT_PRODUCTS_DIR; };
		84A51E7C2941D7AD00699C46 /* AppDelegate.swift */ = {isa = PBXFileReference; lastKnownFileType = sourcecode.swift; path = AppDelegate.swift; sourceTree = "<group>"; };
		84A51E7E2941D7AD00699C46 /* SceneDelegate.swift */ = {isa = PBXFileReference; lastKnownFileType = sourcecode.swift; path = SceneDelegate.swift; sourceTree = "<group>"; };
		84A51E802941D7AD00699C46 /* FirstVC.swift */ = {isa = PBXFileReference; lastKnownFileType = sourcecode.swift; path = FirstVC.swift; sourceTree = "<group>"; };
		84A51E832941D7AD00699C46 /* Base */ = {isa = PBXFileReference; lastKnownFileType = file.storyboard; name = Base; path = Base.lproj/Main.storyboard; sourceTree = "<group>"; };
		84A51E852941D7AD00699C46 /* Assets.xcassets */ = {isa = PBXFileReference; lastKnownFileType = folder.assetcatalog; path = Assets.xcassets; sourceTree = "<group>"; };
		84A51E882941D7AD00699C46 /* Base */ = {isa = PBXFileReference; lastKnownFileType = file.storyboard; name = Base; path = Base.lproj/LaunchScreen.storyboard; sourceTree = "<group>"; };
		84A51E8A2941D7AD00699C46 /* Info.plist */ = {isa = PBXFileReference; lastKnownFileType = text.plist.xml; path = Info.plist; sourceTree = "<group>"; };
		84A51E902941DCFC00699C46 /* Constants.swift */ = {isa = PBXFileReference; lastKnownFileType = sourcecode.swift; path = Constants.swift; sourceTree = "<group>"; };
		84A51E922941DF2800699C46 /* ModelData.swift */ = {isa = PBXFileReference; lastKnownFileType = sourcecode.swift; path = ModelData.swift; sourceTree = "<group>"; };
		84A51E942941EBAD00699C46 /* customHeaderView.swift */ = {isa = PBXFileReference; lastKnownFileType = sourcecode.swift; path = customHeaderView.swift; sourceTree = "<group>"; };
/* End PBXFileReference section */

/* Begin PBXFrameworksBuildPhase section */
		84A51E762941D7AD00699C46 /* Frameworks */ = {
			isa = PBXFrameworksBuildPhase;
			buildActionMask = 2147483647;
			files = (
			);
			runOnlyForDeploymentPostprocessing = 0;
		};
/* End PBXFrameworksBuildPhase section */

/* Begin PBXGroup section */
		84A51E702941D7AD00699C46 = {
			isa = PBXGroup;
			children = (
				84A51E7B2941D7AD00699C46 /* Dec-8-HeaderFooter */,
				84A51E7A2941D7AD00699C46 /* Products */,
			);
			sourceTree = "<group>";
		};
		84A51E7A2941D7AD00699C46 /* Products */ = {
			isa = PBXGroup;
			children = (
				84A51E792941D7AD00699C46 /* Dec-8-HeaderFooter.app */,
			);
			name = Products;
			sourceTree = "<group>";
		};
		84A51E7B2941D7AD00699C46 /* Dec-8-HeaderFooter */ = {
			isa = PBXGroup;
			children = (
				84A51E7C2941D7AD00699C46 /* AppDelegate.swift */,
				84A51E7E2941D7AD00699C46 /* SceneDelegate.swift */,
				84A51E802941D7AD00699C46 /* FirstVC.swift */,
				84A51E942941EBAD00699C46 /* customHeaderView.swift */,
				84807BD529471293008EABDF /* customHeaderView.xib */,
				84A51E922941DF2800699C46 /* ModelData.swift */,
				84A51E822941D7AD00699C46 /* Main.storyboard */,
				84A51E902941DCFC00699C46 /* Constants.swift */,
				84A51E852941D7AD00699C46 /* Assets.xcassets */,
				84A51E872941D7AD00699C46 /* LaunchScreen.storyboard */,
				84A51E8A2941D7AD00699C46 /* Info.plist */,
			);
			path = "Dec-8-HeaderFooter";
			sourceTree = "<group>";
		};
/* End PBXGroup section */

/* Begin PBXNativeTarget section */
		84A51E782941D7AD00699C46 /* Dec-8-HeaderFooter */ = {
			isa = PBXNativeTarget;
			buildConfigurationList = 84A51E8D2941D7AD00699C46 /* Build configuration list for PBXNativeTarget "Dec-8-HeaderFooter" */;
			buildPhases = (
				84A51E752941D7AD00699C46 /* Sources */,
				84A51E762941D7AD00699C46 /* Frameworks */,
				84A51E772941D7AD00699C46 /* Resources */,
			);
			buildRules = (
			);
			dependencies = (
			);
			name = "Dec-8-HeaderFooter";
			productName = "Dec-8-HeaderFooter";
			productReference = 84A51E792941D7AD00699C46 /* Dec-8-HeaderFooter.app */;
			productType = "com.apple.product-type.application";
		};
/* End PBXNativeTarget section */

/* Begin PBXProject section */
		84A51E712941D7AD00699C46 /* Project object */ = {
			isa = PBXProject;
			attributes = {
				BuildIndependentTargetsInParallel = 1;
				LastSwiftUpdateCheck = 1340;
				LastUpgradeCheck = 1340;
				TargetAttributes = {
					84A51E782941D7AD00699C46 = {
						CreatedOnToolsVersion = 13.4;
					};
				};
			};
			buildConfigurationList = 84A51E742941D7AD00699C46 /* Build configuration list for PBXProject "Dec-8-HeaderFooter" */;
			compatibilityVersion = "Xcode 13.0";
			developmentRegion = en;
			hasScannedForEncodings = 0;
			knownRegions = (
				en,
				Base,
			);
			mainGroup = 84A51E702941D7AD00699C46;
			productRefGroup = 84A51E7A2941D7AD00699C46 /* Products */;
			projectDirPath = "";
			projectRoot = "";
			targets = (
				84A51E782941D7AD00699C46 /* Dec-8-HeaderFooter */,
			);
		};
/* End PBXProject section */

/* Begin PBXResourcesBuildPhase section */
		84A51E772941D7AD00699C46 /* Resources */ = {
			isa = PBXResourcesBuildPhase;
			buildActionMask = 2147483647;
			files = (
				84807BD629471293008EABDF /* customHeaderView.xib in Resources */,
				84A51E892941D7AD00699C46 /* LaunchScreen.storyboard in Resources */,
				84A51E862941D7AD00699C46 /* Assets.xcassets in Resources */,
				84A51E842941D7AD00699C46 /* Main.storyboard in Resources */,
			);
			runOnlyForDeploymentPostprocessing = 0;
		};
/* End PBXResourcesBuildPhase section */

/* Begin PBXSourcesBuildPhase section */
		84A51E752941D7AD00699C46 /* Sources */ = {
			isa = PBXSourcesBuildPhase;
			buildActionMask = 2147483647;
			files = (
				84A51E912941DCFC00699C46 /* Constants.swift in Sources */,
				84A51E812941D7AD00699C46 /* FirstVC.swift in Sources */,
				84A51E952941EBAD00699C46 /* customHeaderView.swift in Sources */,
				84A51E932941DF2800699C46 /* ModelData.swift in Sources */,
				84A51E7D2941D7AD00699C46 /* AppDelegate.swift in Sources */,
				84A51E7F2941D7AD00699C46 /* SceneDelegate.swift in Sources */,
			);
			runOnlyForDeploymentPostprocessing = 0;
		};
/* End PBXSourcesBuildPhase section */

/* Begin PBXVariantGroup section */
		84A51E822941D7AD00699C46 /* Main.storyboard */ = {
			isa = PBXVariantGroup;
			children = (
				84A51E832941D7AD00699C46 /* Base */,
			);
			name = Main.storyboard;
			sourceTree = "<group>";
		};
		84A51E872941D7AD00699C46 /* LaunchScreen.storyboard */ = {
			isa = PBXVariantGroup;
			children = (
				84A51E882941D7AD00699C46 /* Base */,
			);
			name = LaunchScreen.storyboard;
			sourceTree = "<group>";
		};
/* End PBXVariantGroup section */

/* Begin XCBuildConfiguration section */
		84A51E8B2941D7AD00699C46 /* Debug */ = {
			isa = XCBuildConfiguration;
			buildSettings = {
				ALWAYS_SEARCH_USER_PATHS = NO;
				CLANG_ANALYZER_NONNULL = YES;
				CLANG_ANALYZER_NUMBER_OBJECT_CONVERSION = YES_AGGRESSIVE;
				CLANG_CXX_LANGUAGE_STANDARD = "gnu++17";
				CLANG_ENABLE_MODULES = YES;
				CLANG_ENABLE_OBJC_ARC = YES;
				CLANG_ENABLE_OBJC_WEAK = YES;
				CLANG_WARN_BLOCK_CAPTURE_AUTORELEASING = YES;
				CLANG_WARN_BOOL_CONVERSION = YES;
				CLANG_WARN_COMMA = YES;
				CLANG_WARN_CONSTANT_CONVERSION = YES;
				CLANG_WARN_DEPRECATED_OBJC_IMPLEMENTATIONS = YES;
				CLANG_WARN_DIRECT_OBJC_ISA_USAGE = YES_ERROR;
				CLANG_WARN_DOCUMENTATION_COMMENTS = YES;
				CLANG_WARN_EMPTY_BODY = YES;
				CLANG_WARN_ENUM_CONVERSION = YES;
				CLANG_WARN_INFINITE_RECURSION = YES;
				CLANG_WARN_INT_CONVERSION = YES;
				CLANG_WARN_NON_LITERAL_NULL_CONVERSION = YES;
				CLANG_WARN_OBJC_IMPLICIT_RETAIN_SELF = YES;
				CLANG_WARN_OBJC_LITERAL_CONVERSION = YES;
				CLANG_WARN_OBJC_ROOT_CLASS = YES_ERROR;
				CLANG_WARN_QUOTED_INCLUDE_IN_FRAMEWORK_HEADER = YES;
				CLANG_WARN_RANGE_LOOP_ANALYSIS = YES;
				CLANG_WARN_STRICT_PROTOTYPES = YES;
				CLANG_WARN_SUSPICIOUS_MOVE = YES;
				CLANG_WARN_UNGUARDED_AVAILABILITY = YES_AGGRESSIVE;
				CLANG_WARN_UNREACHABLE_CODE = YES;
				CLANG_WARN__DUPLICATE_METHOD_MATCH = YES;
				COPY_PHASE_STRIP = NO;
				DEBUG_INFORMATION_FORMAT = dwarf;
				ENABLE_STRICT_OBJC_MSGSEND = YES;
				ENABLE_TESTABILITY = YES;
				GCC_C_LANGUAGE_STANDARD = gnu11;
				GCC_DYNAMIC_NO_PIC = NO;
				GCC_NO_COMMON_BLOCKS = YES;
				GCC_OPTIMIZATION_LEVEL = 0;
				GCC_PREPROCESSOR_DEFINITIONS = (
					"DEBUG=1",
					"$(inherited)",
				);
				GCC_WARN_64_TO_32_BIT_CONVERSION = YES;
				GCC_WARN_ABOUT_RETURN_TYPE = YES_ERROR;
				GCC_WARN_UNDECLARED_SELECTOR = YES;
				GCC_WARN_UNINITIALIZED_AUTOS = YES_AGGRESSIVE;
				GCC_WARN_UNUSED_FUNCTION = YES;
				GCC_WARN_UNUSED_VARIABLE = YES;
				IPHONEOS_DEPLOYMENT_TARGET = 15.5;
				MTL_ENABLE_DEBUG_INFO = INCLUDE_SOURCE;
				MTL_FAST_MATH = YES;
				ONLY_ACTIVE_ARCH = YES;
				SDKROOT = iphoneos;
				SWIFT_ACTIVE_COMPILATION_CONDITIONS = DEBUG;
				SWIFT_OPTIMIZATION_LEVEL = "-Onone";
			};
			name = Debug;
		};
		84A51E8C2941D7AD00699C46 /* Release */ = {
			isa = XCBuildConfiguration;
			buildSettings = {
				ALWAYS_SEARCH_USER_PATHS = NO;
				CLANG_ANALYZER_NONNULL = YES;
				CLANG_ANALYZER_NUMBER_OBJECT_CONVERSION = YES_AGGRESSIVE;
				CLANG_CXX_LANGUAGE_STANDARD = "gnu++17";
				CLANG_ENABLE_MODULES = YES;
				CLANG_ENABLE_OBJC_ARC = YES;
				CLANG_ENABLE_OBJC_WEAK = YES;
				CLANG_WARN_BLOCK_CAPTURE_AUTORELEASING = YES;
				CLANG_WARN_BOOL_CONVERSION = YES;
				CLANG_WARN_COMMA = YES;
				CLANG_WARN_CONSTANT_CONVERSION = YES;
				CLANG_WARN_DEPRECATED_OBJC_IMPLEMENTATIONS = YES;
				CLANG_WARN_DIRECT_OBJC_ISA_USAGE = YES_ERROR;
				CLANG_WARN_DOCUMENTATION_COMMENTS = YES;
				CLANG_WARN_EMPTY_BODY = YES;
				CLANG_WARN_ENUM_CONVERSION = YES;
				CLANG_WARN_INFINITE_RECURSION = YES;
				CLANG_WARN_INT_CONVERSION = YES;
				CLANG_WARN_NON_LITERAL_NULL_CONVERSION = YES;
				CLANG_WARN_OBJC_IMPLICIT_RETAIN_SELF = YES;
				CLANG_WARN_OBJC_LITERAL_CONVERSION = YES;
				CLANG_WARN_OBJC_ROOT_CLASS = YES_ERROR;
				CLANG_WARN_QUOTED_INCLUDE_IN_FRAMEWORK_HEADER = YES;
				CLANG_WARN_RANGE_LOOP_ANALYSIS = YES;
				CLANG_WARN_STRICT_PROTOTYPES = YES;
				CLANG_WARN_SUSPICIOUS_MOVE = YES;
				CLANG_WARN_UNGUARDED_AVAILABILITY = YES_AGGRESSIVE;
				CLANG_WARN_UNREACHABLE_CODE = YES;
				CLANG_WARN__DUPLICATE_METHOD_MATCH = YES;
				COPY_PHASE_STRIP = NO;
				DEBUG_INFORMATION_FORMAT = "dwarf-with-dsym";
				ENABLE_NS_ASSERTIONS = NO;
				ENABLE_STRICT_OBJC_MSGSEND = YES;
				GCC_C_LANGUAGE_STANDARD = gnu11;
				GCC_NO_COMMON_BLOCKS = YES;
				GCC_WARN_64_TO_32_BIT_CONVERSION = YES;
				GCC_WARN_ABOUT_RETURN_TYPE = YES_ERROR;
				GCC_WARN_UNDECLARED_SELECTOR = YES;
				GCC_WARN_UNINITIALIZED_AUTOS = YES_AGGRESSIVE;
				GCC_WARN_UNUSED_FUNCTION = YES;
				GCC_WARN_UNUSED_VARIABLE = YES;
				IPHONEOS_DEPLOYMENT_TARGET = 15.5;
				MTL_ENABLE_DEBUG_INFO = NO;
				MTL_FAST_MATH = YES;
				SDKROOT = iphoneos;
				SWIFT_COMPILATION_MODE = wholemodule;
				SWIFT_OPTIMIZATION_LEVEL = "-O";
				VALIDATE_PRODUCT = YES;
			};
			name = Release;
		};
		84A51E8E2941D7AD00699C46 /* Debug */ = {
			isa = XCBuildConfiguration;
			buildSettings = {
				ASSETCATALOG_COMPILER_APPICON_NAME = AppIcon;
				ASSETCATALOG_COMPILER_GLOBAL_ACCENT_COLOR_NAME = AccentColor;
				CODE_SIGN_STYLE = Automatic;
				CURRENT_PROJECT_VERSION = 1;
				GENERATE_INFOPLIST_FILE = YES;
				INFOPLIST_FILE = "Dec-8-HeaderFooter/Info.plist";
				INFOPLIST_KEY_UIApplicationSupportsIndirectInputEvents = YES;
				INFOPLIST_KEY_UILaunchStoryboardName = LaunchScreen;
				INFOPLIST_KEY_UIMainStoryboardFile = Main;
				INFOPLIST_KEY_UISupportedInterfaceOrientations_iPad = "UIInterfaceOrientationPortrait UIInterfaceOrientationPortraitUpsideDown UIInterfaceOrientationLandscapeLeft UIInterfaceOrientationLandscapeRight";
				INFOPLIST_KEY_UISupportedInterfaceOrientations_iPhone = "UIInterfaceOrientationPortrait UIInterfaceOrientationLandscapeLeft UIInterfaceOrientationLandscapeRight";
				LD_RUNPATH_SEARCH_PATHS = (
					"$(inherited)",
					"@executable_path/Frameworks",
				);
				MARKETING_VERSION = 1.0;
				PRODUCT_BUNDLE_IDENTIFIER = "com.new.Demo.Dec-8-HeaderFooter";
				PRODUCT_NAME = "$(TARGET_NAME)";
				SWIFT_EMIT_LOC_STRINGS = YES;
				SWIFT_VERSION = 5.0;
				TARGETED_DEVICE_FAMILY = "1,2";
			};
			name = Debug;
		};
		84A51E8F2941D7AD00699C46 /* Release */ = {
			isa = XCBuildConfiguration;
			buildSettings = {
				ASSETCATALOG_COMPILER_APPICON_NAME = AppIcon;
				ASSETCATALOG_COMPILER_GLOBAL_ACCENT_COLOR_NAME = AccentColor;
				CODE_SIGN_STYLE = Automatic;
				CURRENT_PROJECT_VERSION = 1;
				GENERATE_INFOPLIST_FILE = YES;
				INFOPLIST_FILE = "Dec-8-HeaderFooter/Info.plist";
				INFOPLIST_KEY_UIApplicationSupportsIndirectInputEvents = YES;
				INFOPLIST_KEY_UILaunchStoryboardName = LaunchScreen;
				INFOPLIST_KEY_UIMainStoryboardFile = Main;
				INFOPLIST_KEY_UISupportedInterfaceOrientations_iPad = "UIInterfaceOrientationPortrait UIInterfaceOrientationPortraitUpsideDown UIInterfaceOrientationLandscapeLeft UIInterfaceOrientationLandscapeRight";
				INFOPLIST_KEY_UISupportedInterfaceOrientations_iPhone = "UIInterfaceOrientationPortrait UIInterfaceOrientationLandscapeLeft UIInterfaceOrientationLandscapeRight";
				LD_RUNPATH_SEARCH_PATHS = (
					"$(inherited)",
					"@executable_path/Frameworks",
				);
				MARKETING_VERSION = 1.0;
				PRODUCT_BUNDLE_IDENTIFIER = "com.new.Demo.Dec-8-HeaderFooter";
				PRODUCT_NAME = "$(TARGET_NAME)";
				SWIFT_EMIT_LOC_STRINGS = YES;
				SWIFT_VERSION = 5.0;
				TARGETED_DEVICE_FAMILY = "1,2";
			};
			name = Release;
		};
/* End XCBuildConfiguration section */

/* Begin XCConfigurationList section */
		84A51E742941D7AD00699C46 /* Build configuration list for PBXProject "Dec-8-HeaderFooter" */ = {
			isa = XCConfigurationList;
			buildConfigurations = (
				84A51E8B2941D7AD00699C46 /* Debug */,
				84A51E8C2941D7AD00699C46 /* Release */,
			);
			defaultConfigurationIsVisible = 0;
			defaultConfigurationName = Release;
		};
		84A51E8D2941D7AD00699C46 /* Build configuration list for PBXNativeTarget "Dec-8-HeaderFooter" */ = {
			isa = XCConfigurationList;
			buildConfigurations = (
				84A51E8E2941D7AD00699C46 /* Debug */,
				84A51E8F2941D7AD00699C46 /* Release */,
			);
			defaultConfigurationIsVisible = 0;
			defaultConfigurationName = Release;
		};
/* End XCConfigurationList section */
	};
	rootObject = 84A51E712941D7AD00699C46 /* Project object */;
}
